
Microsoft Visual Studio Solution File, Format Version 12.00
# Visual Studio 15
VisualStudioVersion = 15.0.28307.106
MinimumVisualStudioVersion = 10.0.40219.1
Project("{8BC9CEB8-8B4A-11D0-8D11-00A0C91BC942}") = "5_01_Graph", "5_01_Graph\5_01_Graph.vcxproj", "{3E0B496A-1F11-4EA1-AAAC-B8E18BDCBF6C}"
EndProject
Project("{8BC9CEB8-8B4A-11D0-8D11-00A0C91BC942}") = "5_02_Graph_by_List", "5_02_Graph_by_List\5_02_Graph_by_List.vcxproj", "{7AF67239-F944-4869-B4C1-9DE92136BB66}"
EndProject
Project("{8BC9CEB8-8B4A-11D0-8D11-00A0C91BC942}") = "5_03_Traversal_graph", "5_03_Traversal_graph\5_03_Traversal_graph.vcxproj", "{C4BDFE48-18FE-4656-9B5B-95264F5249EA}"
EndProject
Project("{8BC9CEB8-8B4A-11D0-8D11-00A0C91BC942}") = "5_04_Spanning_tree", "5_04_Spanning_tree\5_04_Spanning_tree.vcxproj", "{249A1150-1A16-40E8-8ACB-F5BD73112D53}"
EndProject
Global
	GlobalSection(SolutionConfigurationPlatforms) = preSolution
		Debug|x64 = Debug|x64
		Debug|x86 = Debug|x86
		Release|x64 = Release|x64
		Release|x86 = Release|x86
	EndGlobalSection
	GlobalSection(ProjectConfigurationPlatforms) = postSolution
		{3E0B496A-1F11-4EA1-AAAC-B8E18BDCBF6C}.Debug|x64.ActiveCfg = Debug|x64
		{3E0B496A-1F11-4EA1-AAAC-B8E18BDCBF6C}.Debug|x64.Build.0 = Debug|x64
		{3E0B496A-1F11-4EA1-AAAC-B8E18BDCBF6C}.Debug|x86.ActiveCfg = Debug|Win32
		{3E0B496A-1F11-4EA1-AAAC-B8E18BDCBF6C}.Debug|x86.Build.0 = Debug|Win32
		{3E0B496A-1F11-4EA1-AAAC-B8E18BDCBF6C}.Release|x64.ActiveCfg = Release|x64
		{3E0B496A-1F11-4EA1-AAAC-B8E18BDCBF6C}.Release|x64.Build.0 = Release|x64
		{3E0B496A-1F11-4EA1-AAAC-B8E18BDCBF6C}.Release|x86.ActiveCfg = Release|Win32
		{3E0B496A-1F11-4EA1-AAAC-B8E18BDCBF6C}.Release|x86.Build.0 = Release|Win32
		{7AF67239-F944-4869-B4C1-9DE92136BB66}.Debug|x64.ActiveCfg = Debug|x64
		{7AF67239-F944-4869-B4C1-9DE92136BB66}.Debug|x64.Build.0 = Debug|x64
		{7AF67239-F944-4869-B4C1-9DE92136BB66}.Debug|x86.ActiveCfg = Debug|Win32
		{7AF67239-F944-4869-B4C1-9DE92136BB66}.Debug|x86.Build.0 = Debug|Win32
		{7AF67239-F944-4869-B4C1-9DE92136BB66}.Release|x64.ActiveCfg = Release|x64
		{7AF67239-F944-4869-B4C1-9DE92136BB66}.Release|x64.Build.0 = Release|x64
		{7AF67239-F944-4869-B4C1-9DE92136BB66}.Release|x86.ActiveCfg = Release|Win32
		{7AF67239-F944-4869-B4C1-9DE92136BB66}.Release|x86.Build.0 = Release|Win32
		{C4BDFE48-18FE-4656-9B5B-95264F5249EA}.Debug|x64.ActiveCfg = Debug|x64
		{C4BDFE48-18FE-4656-9B5B-95264F5249EA}.Debug|x64.Build.0 = Debug|x64
		{C4BDFE48-18FE-4656-9B5B-95264F5249EA}.Debug|x86.ActiveCfg = Debug|Win32
		{C4BDFE48-18FE-4656-9B5B-95264F5249EA}.Debug|x86.Build.0 = Debug|Win32
		{C4BDFE48-18FE-4656-9B5B-95264F5249EA}.Release|x64.ActiveCfg = Release|x64
		{C4BDFE48-18FE-4656-9B5B-95264F5249EA}.Release|x64.Build.0 = Release|x64
		{C4BDFE48-18FE-4656-9B5B-95264F5249EA}.Release|x86.ActiveCfg = Release|Win32
		{C4BDFE48-18FE-4656-9B5B-95264F5249EA}.Release|x86.Build.0 = Release|Win32
		{249A1150-1A16-40E8-8ACB-F5BD73112D53}.Debug|x64.ActiveCfg = Debug|x64
		{249A1150-1A16-40E8-8ACB-F5BD73112D53}.Debug|x64.Build.0 = Debug|x64
		{249A1150-1A16-40E8-8ACB-F5BD73112D53}.Debug|x86.ActiveCfg = Debug|Win32
		{249A1150-1A16-40E8-8ACB-F5BD73112D53}.Debug|x86.Build.0 = Debug|Win32
		{249A1150-1A16-40E8-8ACB-F5BD73112D53}.Release|x64.ActiveCfg = Release|x64
		{249A1150-1A16-40E8-8ACB-F5BD73112D53}.Release|x64.Build.0 = Release|x64
		{249A1150-1A16-40E8-8ACB-F5BD73112D53}.Release|x86.ActiveCfg = Release|Win32
		{249A1150-1A16-40E8-8ACB-F5BD73112D53}.Release|x86.Build.0 = Release|Win32
	EndGlobalSection
	GlobalSection(SolutionProperties) = preSolution
		HideSolutionNode = FALSE
	EndGlobalSection
	GlobalSection(ExtensibilityGlobals) = postSolution
		SolutionGuid = {053A259C-82CF-4052-A30D-467A9C78A5C1}
	EndGlobalSection
EndGlobal
