
Microsoft Visual Studio Solution File, Format Version 12.00
# Visual Studio 14
VisualStudioVersion = 14.0.25420.1
MinimumVisualStudioVersion = 10.0.40219.1
Project("{8BC9CEB8-8B4A-11D0-8D11-00A0C91BC942}") = "4_01_Tree_by_Array", "4_01_Tree_by_Array\4_01_Tree_by_Array.vcxproj", "{7EE1F2E6-FDB1-490C-BD12-76B55A97D6D6}"
EndProject
Project("{8BC9CEB8-8B4A-11D0-8D11-00A0C91BC942}") = "4_02_Find_binary_tree", "4_02_Find_binary_tree\4_02_Find_binary_tree.vcxproj", "{7748ED8C-7908-408F-AF2F-F61444BEF56D}"
EndProject
Project("{8BC9CEB8-8B4A-11D0-8D11-00A0C91BC942}") = "4_03_Traversal_of_tree", "4_03_Traversal_of_tree\4_03_Traversal_of_tree.vcxproj", "{CC031BA2-E20B-4E54-B1EA-63FD8FF52924}"
EndProject
Project("{8BC9CEB8-8B4A-11D0-8D11-00A0C91BC942}") = "4_04_Tree_by_List", "4_02_Tree_by_List\4_02_Tree_by_List.vcxproj", "{FCC9D647-EE54-4165-8074-86101510C382}"
EndProject
Global
	GlobalSection(SolutionConfigurationPlatforms) = preSolution
		Debug|x64 = Debug|x64
		Debug|x86 = Debug|x86
		Release|x64 = Release|x64
		Release|x86 = Release|x86
	EndGlobalSection
	GlobalSection(ProjectConfigurationPlatforms) = postSolution
		{7EE1F2E6-FDB1-490C-BD12-76B55A97D6D6}.Debug|x64.ActiveCfg = Debug|x64
		{7EE1F2E6-FDB1-490C-BD12-76B55A97D6D6}.Debug|x64.Build.0 = Debug|x64
		{7EE1F2E6-FDB1-490C-BD12-76B55A97D6D6}.Debug|x86.ActiveCfg = Debug|Win32
		{7EE1F2E6-FDB1-490C-BD12-76B55A97D6D6}.Debug|x86.Build.0 = Debug|Win32
		{7EE1F2E6-FDB1-490C-BD12-76B55A97D6D6}.Release|x64.ActiveCfg = Release|x64
		{7EE1F2E6-FDB1-490C-BD12-76B55A97D6D6}.Release|x64.Build.0 = Release|x64
		{7EE1F2E6-FDB1-490C-BD12-76B55A97D6D6}.Release|x86.ActiveCfg = Release|Win32
		{7EE1F2E6-FDB1-490C-BD12-76B55A97D6D6}.Release|x86.Build.0 = Release|Win32
		{7748ED8C-7908-408F-AF2F-F61444BEF56D}.Debug|x64.ActiveCfg = Debug|x64
		{7748ED8C-7908-408F-AF2F-F61444BEF56D}.Debug|x64.Build.0 = Debug|x64
		{7748ED8C-7908-408F-AF2F-F61444BEF56D}.Debug|x86.ActiveCfg = Debug|Win32
		{7748ED8C-7908-408F-AF2F-F61444BEF56D}.Debug|x86.Build.0 = Debug|Win32
		{7748ED8C-7908-408F-AF2F-F61444BEF56D}.Release|x64.ActiveCfg = Release|x64
		{7748ED8C-7908-408F-AF2F-F61444BEF56D}.Release|x64.Build.0 = Release|x64
		{7748ED8C-7908-408F-AF2F-F61444BEF56D}.Release|x86.ActiveCfg = Release|Win32
		{7748ED8C-7908-408F-AF2F-F61444BEF56D}.Release|x86.Build.0 = Release|Win32
		{CC031BA2-E20B-4E54-B1EA-63FD8FF52924}.Debug|x64.ActiveCfg = Debug|x64
		{CC031BA2-E20B-4E54-B1EA-63FD8FF52924}.Debug|x64.Build.0 = Debug|x64
		{CC031BA2-E20B-4E54-B1EA-63FD8FF52924}.Debug|x86.ActiveCfg = Debug|Win32
		{CC031BA2-E20B-4E54-B1EA-63FD8FF52924}.Debug|x86.Build.0 = Debug|Win32
		{CC031BA2-E20B-4E54-B1EA-63FD8FF52924}.Release|x64.ActiveCfg = Release|x64
		{CC031BA2-E20B-4E54-B1EA-63FD8FF52924}.Release|x64.Build.0 = Release|x64
		{CC031BA2-E20B-4E54-B1EA-63FD8FF52924}.Release|x86.ActiveCfg = Release|Win32
		{CC031BA2-E20B-4E54-B1EA-63FD8FF52924}.Release|x86.Build.0 = Release|Win32
		{FCC9D647-EE54-4165-8074-86101510C382}.Debug|x64.ActiveCfg = Debug|x64
		{FCC9D647-EE54-4165-8074-86101510C382}.Debug|x64.Build.0 = Debug|x64
		{FCC9D647-EE54-4165-8074-86101510C382}.Debug|x86.ActiveCfg = Debug|Win32
		{FCC9D647-EE54-4165-8074-86101510C382}.Debug|x86.Build.0 = Debug|Win32
		{FCC9D647-EE54-4165-8074-86101510C382}.Release|x64.ActiveCfg = Release|x64
		{FCC9D647-EE54-4165-8074-86101510C382}.Release|x64.Build.0 = Release|x64
		{FCC9D647-EE54-4165-8074-86101510C382}.Release|x86.ActiveCfg = Release|Win32
		{FCC9D647-EE54-4165-8074-86101510C382}.Release|x86.Build.0 = Release|Win32
	EndGlobalSection
	GlobalSection(SolutionProperties) = preSolution
		HideSolutionNode = FALSE
	EndGlobalSection
EndGlobal
